
Microsoft Visual Studio Solution File, Format Version 12.00
# Visual Studio Version 17
VisualStudioVersion = 17.5.33502.453
MinimumVisualStudioVersion = 10.0.40219.1
Project("{FAE04EC0-301F-11D3-BF4B-00C04F79EFBC}") = "Supercut", "Supercut\Supercut.csproj", "{6739FC21-0945-4FF9-B317-0E08AA146336}"
EndProject
Project("{2150E333-8FDC-42A3-9474-1A3956D46DE8}") = "Solution Items", "Solution Items", "{CC93FE22-B86C-43B4-B6B6-2C43F16BDB0F}"
	ProjectSection(SolutionItems) = preProject
		LICENSE.txt = LICENSE.txt
		README.md = README.md
	EndProjectSection
EndProject
Global
	GlobalSection(SolutionConfigurationPlatforms) = preSolution
		Debug|Any CPU = Debug|Any CPU
		Release|Any CPU = Release|Any CPU
	EndGlobalSection
	GlobalSection(ProjectConfigurationPlatforms) = postSolution
		{6739FC21-0945-4FF9-B317-0E08AA146336}.Debug|Any CPU.ActiveCfg = Debug|Any CPU
		{6739FC21-0945-4FF9-B317-0E08AA146336}.Debug|Any CPU.Build.0 = Debug|Any CPU
		{6739FC21-0945-4FF9-B317-0E08AA146336}.Release|Any CPU.ActiveCfg = Release|Any CPU
		{6739FC21-0945-4FF9-B317-0E08AA146336}.Release|Any CPU.Build.0 = Release|Any CPU
	EndGlobalSection
	GlobalSection(SolutionProperties) = preSolution
		HideSolutionNode = FALSE
	EndGlobalSection
	GlobalSection(ExtensibilityGlobals) = postSolution
		SolutionGuid = {86C87F0B-7817-478C-B16E-82BFB338608C}
	EndGlobalSection
EndGlobal
